// !$*UTF8*$!
{
	archiveVersion = 1;
	classes = {
	};
	objectVersion = 56;
	objects = {

/* Begin PBXBuildFile section */
		04863A0229AFD848006BF93B /* AppDelegate.swift in Sources */ = {isa = PBXBuildFile; fileRef = 04863A0129AFD848006BF93B /* AppDelegate.swift */; };
		04863A0429AFD848006BF93B /* SceneDelegate.swift in Sources */ = {isa = PBXBuildFile; fileRef = 04863A0329AFD848006BF93B /* SceneDelegate.swift */; };
		04863A0629AFD848006BF93B /* ViewController.swift in Sources */ = {isa = PBXBuildFile; fileRef = 04863A0529AFD848006BF93B /* ViewController.swift */; };
		04863A0929AFD848006BF93B /* Main.storyboard in Resources */ = {isa = PBXBuildFile; fileRef = 04863A0729AFD848006BF93B /* Main.storyboard */; };
		04863A0C29AFD848006BF93B /* MemesApi.xcdatamodeld in Sources */ = {isa = PBXBuildFile; fileRef = 04863A0A29AFD848006BF93B /* MemesApi.xcdatamodeld */; };
		04863A0E29AFD84A006BF93B /* Assets.xcassets in Resources */ = {isa = PBXBuildFile; fileRef = 04863A0D29AFD84A006BF93B /* Assets.xcassets */; };
		04863A1129AFD84A006BF93B /* LaunchScreen.storyboard in Resources */ = {isa = PBXBuildFile; fileRef = 04863A0F29AFD84A006BF93B /* LaunchScreen.storyboard */; };
		04863A2429AFDC57006BF93B /* ConnectionManager.swift in Sources */ = {isa = PBXBuildFile; fileRef = 04863A2329AFDC57006BF93B /* ConnectionManager.swift */; };
		04863A2629AFDCA4006BF93B /* MemesResponse.swift in Sources */ = {isa = PBXBuildFile; fileRef = 04863A2529AFDCA4006BF93B /* MemesResponse.swift */; };
		04863A2829AFDCF0006BF93B /* NetworkService.swift in Sources */ = {isa = PBXBuildFile; fileRef = 04863A2729AFDCF0006BF93B /* NetworkService.swift */; };
		04863A2A29AFDD2C006BF93B /* AppRouter.swift in Sources */ = {isa = PBXBuildFile; fileRef = 04863A2929AFDD2C006BF93B /* AppRouter.swift */; };
		04863A2C29AFDD6F006BF93B /* ApiConfiguration.swift in Sources */ = {isa = PBXBuildFile; fileRef = 04863A2B29AFDD6F006BF93B /* ApiConfiguration.swift */; };
		04863A2E29AFDE1D006BF93B /* MemesViewModel.swift in Sources */ = {isa = PBXBuildFile; fileRef = 04863A2D29AFDE1D006BF93B /* MemesViewModel.swift */; };
		84778C528402F1884C1DF89F /* Pods_MemesApi.framework in Frameworks */ = {isa = PBXBuildFile; fileRef = 7629F9E96CB7A2663DB0F738 /* Pods_MemesApi.framework */; };
/* End PBXBuildFile section */

/* Begin PBXFileReference section */
		048639FE29AFD848006BF93B /* MemesApi.app */ = {isa = PBXFileReference; explicitFileType = wrapper.application; includeInIndex = 0; path = MemesApi.app; sourceTree = BUILT_PRODUCTS_DIR; };
		04863A0129AFD848006BF93B /* AppDelegate.swift */ = {isa = PBXFileReference; lastKnownFileType = sourcecode.swift; path = AppDelegate.swift; sourceTree = "<group>"; };
		04863A0329AFD848006BF93B /* SceneDelegate.swift */ = {isa = PBXFileReference; lastKnownFileType = sourcecode.swift; path = SceneDelegate.swift; sourceTree = "<group>"; };
		04863A0529AFD848006BF93B /* ViewController.swift */ = {isa = PBXFileReference; lastKnownFileType = sourcecode.swift; path = ViewController.swift; sourceTree = "<group>"; };
		04863A0829AFD848006BF93B /* Base */ = {isa = PBXFileReference; lastKnownFileType = file.storyboard; name = Base; path = Base.lproj/Main.storyboard; sourceTree = "<group>"; };
		04863A0B29AFD848006BF93B /* MemesApi.xcdatamodel */ = {isa = PBXFileReference; lastKnownFileType = wrapper.xcdatamodel; path = MemesApi.xcdatamodel; sourceTree = "<group>"; };
		04863A0D29AFD84A006BF93B /* Assets.xcassets */ = {isa = PBXFileReference; lastKnownFileType = folder.assetcatalog; path = Assets.xcassets; sourceTree = "<group>"; };
		04863A1029AFD84A006BF93B /* Base */ = {isa = PBXFileReference; lastKnownFileType = file.storyboard; name = Base; path = Base.lproj/LaunchScreen.storyboard; sourceTree = "<group>"; };
		04863A1229AFD84A006BF93B /* Info.plist */ = {isa = PBXFileReference; lastKnownFileType = text.plist.xml; path = Info.plist; sourceTree = "<group>"; };
		04863A2329AFDC57006BF93B /* ConnectionManager.swift */ = {isa = PBXFileReference; lastKnownFileType = sourcecode.swift; path = ConnectionManager.swift; sourceTree = "<group>"; };
		04863A2529AFDCA4006BF93B /* MemesResponse.swift */ = {isa = PBXFileReference; lastKnownFileType = sourcecode.swift; path = MemesResponse.swift; sourceTree = "<group>"; };
		04863A2729AFDCF0006BF93B /* NetworkService.swift */ = {isa = PBXFileReference; lastKnownFileType = sourcecode.swift; path = NetworkService.swift; sourceTree = "<group>"; };
		04863A2929AFDD2C006BF93B /* AppRouter.swift */ = {isa = PBXFileReference; lastKnownFileType = sourcecode.swift; path = AppRouter.swift; sourceTree = "<group>"; };
		04863A2B29AFDD6F006BF93B /* ApiConfiguration.swift */ = {isa = PBXFileReference; lastKnownFileType = sourcecode.swift; path = ApiConfiguration.swift; sourceTree = "<group>"; };
		04863A2D29AFDE1D006BF93B /* MemesViewModel.swift */ = {isa = PBXFileReference; lastKnownFileType = sourcecode.swift; path = MemesViewModel.swift; sourceTree = "<group>"; };
		60A469CB1218F5D6FB8D02DC /* Pods-MemesApi.debug.xcconfig */ = {isa = PBXFileReference; includeInIndex = 1; lastKnownFileType = text.xcconfig; name = "Pods-MemesApi.debug.xcconfig"; path = "Target Support Files/Pods-MemesApi/Pods-MemesApi.debug.xcconfig"; sourceTree = "<group>"; };
		7629F9E96CB7A2663DB0F738 /* Pods_MemesApi.framework */ = {isa = PBXFileReference; explicitFileType = wrapper.framework; includeInIndex = 0; path = Pods_MemesApi.framework; sourceTree = BUILT_PRODUCTS_DIR; };
		B84DEBA526C89B07DA36FD84 /* Pods-MemesApi.release.xcconfig */ = {isa = PBXFileReference; includeInIndex = 1; lastKnownFileType = text.xcconfig; name = "Pods-MemesApi.release.xcconfig"; path = "Target Support Files/Pods-MemesApi/Pods-MemesApi.release.xcconfig"; sourceTree = "<group>"; };
/* End PBXFileReference section */

/* Begin PBXFrameworksBuildPhase section */
		048639FB29AFD848006BF93B /* Frameworks */ = {
			isa = PBXFrameworksBuildPhase;
			buildActionMask = 2147483647;
			files = (
				84778C528402F1884C1DF89F /* Pods_MemesApi.framework in Frameworks */,
			);
			runOnlyForDeploymentPostprocessing = 0;
		};
/* End PBXFrameworksBuildPhase section */

/* Begin PBXGroup section */
		048639F529AFD848006BF93B = {
			isa = PBXGroup;
			children = (
				04863A0029AFD848006BF93B /* MemesApi */,
				048639FF29AFD848006BF93B /* Products */,
				94A01E3B15518BF0352EBF59 /* Pods */,
				DC84418F4ACFC9A2E057A7DD /* Frameworks */,
			);
			sourceTree = "<group>";
		};
		048639FF29AFD848006BF93B /* Products */ = {
			isa = PBXGroup;
			children = (
				048639FE29AFD848006BF93B /* MemesApi.app */,
			);
			name = Products;
			sourceTree = "<group>";
		};
		04863A0029AFD848006BF93B /* MemesApi */ = {
			isa = PBXGroup;
			children = (
				04863A1D29AFD950006BF93B /* Core */,
				04863A1929AFD88D006BF93B /* View */,
				04863A1C29AFD8FD006BF93B /* ViewModel */,
				04863A1A29AFD8AC006BF93B /* Resouces */,
				04863A1B29AFD8CE006BF93B /* StoryBoard */,
				04863A1829AFD857006BF93B /* Application */,
				04863A1229AFD84A006BF93B /* Info.plist */,
				04863A0A29AFD848006BF93B /* MemesApi.xcdatamodeld */,
			);
			path = MemesApi;
			sourceTree = "<group>";
		};
		04863A1829AFD857006BF93B /* Application */ = {
			isa = PBXGroup;
			children = (
				04863A0129AFD848006BF93B /* AppDelegate.swift */,
				04863A0329AFD848006BF93B /* SceneDelegate.swift */,
			);
			path = Application;
			sourceTree = "<group>";
		};
		04863A1929AFD88D006BF93B /* View */ = {
			isa = PBXGroup;
			children = (
				04863A0529AFD848006BF93B /* ViewController.swift */,
			);
			path = View;
			sourceTree = "<group>";
		};
		04863A1A29AFD8AC006BF93B /* Resouces */ = {
			isa = PBXGroup;
			children = (
				04863A0D29AFD84A006BF93B /* Assets.xcassets */,
			);
			path = Resouces;
			sourceTree = "<group>";
		};
		04863A1B29AFD8CE006BF93B /* StoryBoard */ = {
			isa = PBXGroup;
			children = (
				04863A0F29AFD84A006BF93B /* LaunchScreen.storyboard */,
				04863A0729AFD848006BF93B /* Main.storyboard */,
			);
			path = StoryBoard;
			sourceTree = "<group>";
		};
		04863A1C29AFD8FD006BF93B /* ViewModel */ = {
			isa = PBXGroup;
			children = (
				04863A2D29AFDE1D006BF93B /* MemesViewModel.swift */,
			);
			path = ViewModel;
			sourceTree = "<group>";
		};
		04863A1D29AFD950006BF93B /* Core */ = {
			isa = PBXGroup;
			children = (
				04863A1E29AFD96A006BF93B /* API */,
			);
			path = Core;
			sourceTree = "<group>";
		};
		04863A1E29AFD96A006BF93B /* API */ = {
			isa = PBXGroup;
			children = (
				04863A1F29AFD979006BF93B /* Manager */,
				04863A2029AFD98A006BF93B /* Model */,
				04863A2129AFD997006BF93B /* Service */,
				04863A2229AFD9A7006BF93B /* Router */,
				04863A2B29AFDD6F006BF93B /* ApiConfiguration.swift */,
			);
			path = API;
			sourceTree = "<group>";
		};
		04863A1F29AFD979006BF93B /* Manager */ = {
			isa = PBXGroup;
			children = (
				04863A2329AFDC57006BF93B /* ConnectionManager.swift */,
			);
			path = Manager;
			sourceTree = "<group>";
		};
		04863A2029AFD98A006BF93B /* Model */ = {
			isa = PBXGroup;
			children = (
				04863A2529AFDCA4006BF93B /* MemesResponse.swift */,
			);
			path = Model;
			sourceTree = "<group>";
		};
		04863A2129AFD997006BF93B /* Service */ = {
			isa = PBXGroup;
			children = (
				04863A2729AFDCF0006BF93B /* NetworkService.swift */,
			);
			path = Service;
			sourceTree = "<group>";
		};
		04863A2229AFD9A7006BF93B /* Router */ = {
			isa = PBXGroup;
			children = (
				04863A2929AFDD2C006BF93B /* AppRouter.swift */,
			);
			path = Router;
			sourceTree = "<group>";
		};
		94A01E3B15518BF0352EBF59 /* Pods */ = {
			isa = PBXGroup;
			children = (
				60A469CB1218F5D6FB8D02DC /* Pods-MemesApi.debug.xcconfig */,
				B84DEBA526C89B07DA36FD84 /* Pods-MemesApi.release.xcconfig */,
			);
			path = Pods;
			sourceTree = "<group>";
		};
		DC84418F4ACFC9A2E057A7DD /* Frameworks */ = {
			isa = PBXGroup;
			children = (
				7629F9E96CB7A2663DB0F738 /* Pods_MemesApi.framework */,
			);
			name = Frameworks;
			sourceTree = "<group>";
		};
/* End PBXGroup section */

/* Begin PBXNativeTarget section */
		048639FD29AFD848006BF93B /* MemesApi */ = {
			isa = PBXNativeTarget;
			buildConfigurationList = 04863A1529AFD84A006BF93B /* Build configuration list for PBXNativeTarget "MemesApi" */;
			buildPhases = (
				5341F72600EBE4D19979DB86 /* [CP] Check Pods Manifest.lock */,
				048639FA29AFD848006BF93B /* Sources */,
				048639FB29AFD848006BF93B /* Frameworks */,
				048639FC29AFD848006BF93B /* Resources */,
				87DA7B640BBBBE86E277E426 /* [CP] Embed Pods Frameworks */,
			);
			buildRules = (
			);
			dependencies = (
			);
			name = MemesApi;
			productName = MemesApi;
			productReference = 048639FE29AFD848006BF93B /* MemesApi.app */;
			productType = "com.apple.product-type.application";
		};
/* End PBXNativeTarget section */

/* Begin PBXProject section */
		048639F629AFD848006BF93B /* Project object */ = {
			isa = PBXProject;
			attributes = {
				BuildIndependentTargetsInParallel = 1;
				LastSwiftUpdateCheck = 1420;
				LastUpgradeCheck = 1420;
				TargetAttributes = {
					048639FD29AFD848006BF93B = {
						CreatedOnToolsVersion = 14.2;
					};
				};
			};
			buildConfigurationList = 048639F929AFD848006BF93B /* Build configuration list for PBXProject "MemesApi" */;
			compatibilityVersion = "Xcode 14.0";
			developmentRegion = en;
			hasScannedForEncodings = 0;
			knownRegions = (
				en,
				Base,
			);
			mainGroup = 048639F529AFD848006BF93B;
			productRefGroup = 048639FF29AFD848006BF93B /* Products */;
			projectDirPath = "";
			projectRoot = "";
			targets = (
				048639FD29AFD848006BF93B /* MemesApi */,
			);
		};
/* End PBXProject section */

/* Begin PBXResourcesBuildPhase section */
		048639FC29AFD848006BF93B /* Resources */ = {
			isa = PBXResourcesBuildPhase;
			buildActionMask = 2147483647;
			files = (
				04863A1129AFD84A006BF93B /* LaunchScreen.storyboard in Resources */,
				04863A0E29AFD84A006BF93B /* Assets.xcassets in Resources */,
				04863A0929AFD848006BF93B /* Main.storyboard in Resources */,
			);
			runOnlyForDeploymentPostprocessing = 0;
		};
/* End PBXResourcesBuildPhase section */

/* Begin PBXShellScriptBuildPhase section */
		5341F72600EBE4D19979DB86 /* [CP] Check Pods Manifest.lock */ = {
			isa = PBXShellScriptBuildPhase;
			buildActionMask = 2147483647;
			files = (
			);
			inputFileListPaths = (
			);
			inputPaths = (
				"${PODS_PODFILE_DIR_PATH}/Podfile.lock",
				"${PODS_ROOT}/Manifest.lock",
			);
			name = "[CP] Check Pods Manifest.lock";
			outputFileListPaths = (
			);
			outputPaths = (
				"$(DERIVED_FILE_DIR)/Pods-MemesApi-checkManifestLockResult.txt",
			);
			runOnlyForDeploymentPostprocessing = 0;
			shellPath = /bin/sh;
			shellScript = "diff \"${PODS_PODFILE_DIR_PATH}/Podfile.lock\" \"${PODS_ROOT}/Manifest.lock\" > /dev/null\nif [ $? != 0 ] ; then\n    # print error to STDERR\n    echo \"error: The sandbox is not in sync with the Podfile.lock. Run 'pod install' or update your CocoaPods installation.\" >&2\n    exit 1\nfi\n# This output is used by Xcode 'outputs' to avoid re-running this script phase.\necho \"SUCCESS\" > \"${SCRIPT_OUTPUT_FILE_0}\"\n";
			showEnvVarsInLog = 0;
		};
		87DA7B640BBBBE86E277E426 /* [CP] Embed Pods Frameworks */ = {
			isa = PBXShellScriptBuildPhase;
			buildActionMask = 2147483647;
			files = (
			);
			inputFileListPaths = (
				"${PODS_ROOT}/Target Support Files/Pods-MemesApi/Pods-MemesApi-frameworks-${CONFIGURATION}-input-files.xcfilelist",
			);
			name = "[CP] Embed Pods Frameworks";
			outputFileListPaths = (
				"${PODS_ROOT}/Target Support Files/Pods-MemesApi/Pods-MemesApi-frameworks-${CONFIGURATION}-output-files.xcfilelist",
			);
			runOnlyForDeploymentPostprocessing = 0;
			shellPath = /bin/sh;
			shellScript = "\"${PODS_ROOT}/Target Support Files/Pods-MemesApi/Pods-MemesApi-frameworks.sh\"\n";
			showEnvVarsInLog = 0;
		};
/* End PBXShellScriptBuildPhase section */

/* Begin PBXSourcesBuildPhase section */
		048639FA29AFD848006BF93B /* Sources */ = {
			isa = PBXSourcesBuildPhase;
			buildActionMask = 2147483647;
			files = (
				04863A2429AFDC57006BF93B /* ConnectionManager.swift in Sources */,
				04863A0629AFD848006BF93B /* ViewController.swift in Sources */,
				04863A2E29AFDE1D006BF93B /* MemesViewModel.swift in Sources */,
				04863A2C29AFDD6F006BF93B /* ApiConfiguration.swift in Sources */,
				04863A0229AFD848006BF93B /* AppDelegate.swift in Sources */,
				04863A0C29AFD848006BF93B /* MemesApi.xcdatamodeld in Sources */,
				04863A2A29AFDD2C006BF93B /* AppRouter.swift in Sources */,
				04863A2629AFDCA4006BF93B /* MemesResponse.swift in Sources */,
				04863A0429AFD848006BF93B /* SceneDelegate.swift in Sources */,
				04863A2829AFDCF0006BF93B /* NetworkService.swift in Sources */,
			);
			runOnlyForDeploymentPostprocessing = 0;
		};
/* End PBXSourcesBuildPhase section */

/* Begin PBXVariantGroup section */
		04863A0729AFD848006BF93B /* Main.storyboard */ = {
			isa = PBXVariantGroup;
			children = (
				04863A0829AFD848006BF93B /* Base */,
			);
			name = Main.storyboard;
			sourceTree = "<group>";
		};
		04863A0F29AFD84A006BF93B /* LaunchScreen.storyboard */ = {
			isa = PBXVariantGroup;
			children = (
				04863A1029AFD84A006BF93B /* Base */,
			);
			name = LaunchScreen.storyboard;
			sourceTree = "<group>";
		};
/* End PBXVariantGroup section */

/* Begin XCBuildConfiguration section */
		04863A1329AFD84A006BF93B /* Debug */ = {
			isa = XCBuildConfiguration;
			buildSettings = {
				ALWAYS_SEARCH_USER_PATHS = NO;
				CLANG_ANALYZER_NONNULL = YES;
				CLANG_ANALYZER_NUMBER_OBJECT_CONVERSION = YES_AGGRESSIVE;
				CLANG_CXX_LANGUAGE_STANDARD = "gnu++20";
				CLANG_ENABLE_MODULES = YES;
				CLANG_ENABLE_OBJC_ARC = YES;
				CLANG_ENABLE_OBJC_WEAK = YES;
				CLANG_WARN_BLOCK_CAPTURE_AUTORELEASING = YES;
				CLANG_WARN_BOOL_CONVERSION = YES;
				CLANG_WARN_COMMA = YES;
				CLANG_WARN_CONSTANT_CONVERSION = YES;
				CLANG_WARN_DEPRECATED_OBJC_IMPLEMENTATIONS = YES;
				CLANG_WARN_DIRECT_OBJC_ISA_USAGE = YES_ERROR;
				CLANG_WARN_DOCUMENTATION_COMMENTS = YES;
				CLANG_WARN_EMPTY_BODY = YES;
				CLANG_WARN_ENUM_CONVERSION = YES;
				CLANG_WARN_INFINITE_RECURSION = YES;
				CLANG_WARN_INT_CONVERSION = YES;
				CLANG_WARN_NON_LITERAL_NULL_CONVERSION = YES;
				CLANG_WARN_OBJC_IMPLICIT_RETAIN_SELF = YES;
				CLANG_WARN_OBJC_LITERAL_CONVERSION = YES;
				CLANG_WARN_OBJC_ROOT_CLASS = YES_ERROR;
				CLANG_WARN_QUOTED_INCLUDE_IN_FRAMEWORK_HEADER = YES;
				CLANG_WARN_RANGE_LOOP_ANALYSIS = YES;
				CLANG_WARN_STRICT_PROTOTYPES = YES;
				CLANG_WARN_SUSPICIOUS_MOVE = YES;
				CLANG_WARN_UNGUARDED_AVAILABILITY = YES_AGGRESSIVE;
				CLANG_WARN_UNREACHABLE_CODE = YES;
				CLANG_WARN__DUPLICATE_METHOD_MATCH = YES;
				COPY_PHASE_STRIP = NO;
				DEBUG_INFORMATION_FORMAT = dwarf;
				ENABLE_STRICT_OBJC_MSGSEND = YES;
				ENABLE_TESTABILITY = YES;
				GCC_C_LANGUAGE_STANDARD = gnu11;
				GCC_DYNAMIC_NO_PIC = NO;
				GCC_NO_COMMON_BLOCKS = YES;
				GCC_OPTIMIZATION_LEVEL = 0;
				GCC_PREPROCESSOR_DEFINITIONS = (
					"DEBUG=1",
					"$(inherited)",
				);
				GCC_WARN_64_TO_32_BIT_CONVERSION = YES;
				GCC_WARN_ABOUT_RETURN_TYPE = YES_ERROR;
				GCC_WARN_UNDECLARED_SELECTOR = YES;
				GCC_WARN_UNINITIALIZED_AUTOS = YES_AGGRESSIVE;
				GCC_WARN_UNUSED_FUNCTION = YES;
				GCC_WARN_UNUSED_VARIABLE = YES;
				IPHONEOS_DEPLOYMENT_TARGET = 16.2;
				MTL_ENABLE_DEBUG_INFO = INCLUDE_SOURCE;
				MTL_FAST_MATH = YES;
				ONLY_ACTIVE_ARCH = YES;
				SDKROOT = iphoneos;
				SWIFT_ACTIVE_COMPILATION_CONDITIONS = DEBUG;
				SWIFT_OPTIMIZATION_LEVEL = "-Onone";
			};
			name = Debug;
		};
		04863A1429AFD84A006BF93B /* Release */ = {
			isa = XCBuildConfiguration;
			buildSettings = {
				ALWAYS_SEARCH_USER_PATHS = NO;
				CLANG_ANALYZER_NONNULL = YES;
				CLANG_ANALYZER_NUMBER_OBJECT_CONVERSION = YES_AGGRESSIVE;
				CLANG_CXX_LANGUAGE_STANDARD = "gnu++20";
				CLANG_ENABLE_MODULES = YES;
				CLANG_ENABLE_OBJC_ARC = YES;
				CLANG_ENABLE_OBJC_WEAK = YES;
				CLANG_WARN_BLOCK_CAPTURE_AUTORELEASING = YES;
				CLANG_WARN_BOOL_CONVERSION = YES;
				CLANG_WARN_COMMA = YES;
				CLANG_WARN_CONSTANT_CONVERSION = YES;
				CLANG_WARN_DEPRECATED_OBJC_IMPLEMENTATIONS = YES;
				CLANG_WARN_DIRECT_OBJC_ISA_USAGE = YES_ERROR;
				CLANG_WARN_DOCUMENTATION_COMMENTS = YES;
				CLANG_WARN_EMPTY_BODY = YES;
				CLANG_WARN_ENUM_CONVERSION = YES;
				CLANG_WARN_INFINITE_RECURSION = YES;
				CLANG_WARN_INT_CONVERSION = YES;
				CLANG_WARN_NON_LITERAL_NULL_CONVERSION = YES;
				CLANG_WARN_OBJC_IMPLICIT_RETAIN_SELF = YES;
				CLANG_WARN_OBJC_LITERAL_CONVERSION = YES;
				CLANG_WARN_OBJC_ROOT_CLASS = YES_ERROR;
				CLANG_WARN_QUOTED_INCLUDE_IN_FRAMEWORK_HEADER = YES;
				CLANG_WARN_RANGE_LOOP_ANALYSIS = YES;
				CLANG_WARN_STRICT_PROTOTYPES = YES;
				CLANG_WARN_SUSPICIOUS_MOVE = YES;
				CLANG_WARN_UNGUARDED_AVAILABILITY = YES_AGGRESSIVE;
				CLANG_WARN_UNREACHABLE_CODE = YES;
				CLANG_WARN__DUPLICATE_METHOD_MATCH = YES;
				COPY_PHASE_STRIP = NO;
				DEBUG_INFORMATION_FORMAT = "dwarf-with-dsym";
				ENABLE_NS_ASSERTIONS = NO;
				ENABLE_STRICT_OBJC_MSGSEND = YES;
				GCC_C_LANGUAGE_STANDARD = gnu11;
				GCC_NO_COMMON_BLOCKS = YES;
				GCC_WARN_64_TO_32_BIT_CONVERSION = YES;
				GCC_WARN_ABOUT_RETURN_TYPE = YES_ERROR;
				GCC_WARN_UNDECLARED_SELECTOR = YES;
				GCC_WARN_UNINITIALIZED_AUTOS = YES_AGGRESSIVE;
				GCC_WARN_UNUSED_FUNCTION = YES;
				GCC_WARN_UNUSED_VARIABLE = YES;
				IPHONEOS_DEPLOYMENT_TARGET = 16.2;
				MTL_ENABLE_DEBUG_INFO = NO;
				MTL_FAST_MATH = YES;
				SDKROOT = iphoneos;
				SWIFT_COMPILATION_MODE = wholemodule;
				SWIFT_OPTIMIZATION_LEVEL = "-O";
				VALIDATE_PRODUCT = YES;
			};
			name = Release;
		};
		04863A1629AFD84A006BF93B /* Debug */ = {
			isa = XCBuildConfiguration;
			baseConfigurationReference = 60A469CB1218F5D6FB8D02DC /* Pods-MemesApi.debug.xcconfig */;
			buildSettings = {
				ASSETCATALOG_COMPILER_APPICON_NAME = AppIcon;
				ASSETCATALOG_COMPILER_GLOBAL_ACCENT_COLOR_NAME = AccentColor;
				CODE_SIGN_STYLE = Automatic;
				CURRENT_PROJECT_VERSION = 1;
				DEVELOPMENT_TEAM = V2VQ3HD8ZX;
				GENERATE_INFOPLIST_FILE = YES;
				INFOPLIST_FILE = MemesApi/Info.plist;
				INFOPLIST_KEY_UIApplicationSupportsIndirectInputEvents = YES;
				INFOPLIST_KEY_UILaunchStoryboardName = LaunchScreen;
				INFOPLIST_KEY_UIMainStoryboardFile = Main;
				INFOPLIST_KEY_UISupportedInterfaceOrientations_iPad = "UIInterfaceOrientationPortrait UIInterfaceOrientationPortraitUpsideDown UIInterfaceOrientationLandscapeLeft UIInterfaceOrientationLandscapeRight";
				INFOPLIST_KEY_UISupportedInterfaceOrientations_iPhone = "UIInterfaceOrientationPortrait UIInterfaceOrientationLandscapeLeft UIInterfaceOrientationLandscapeRight";
				LD_RUNPATH_SEARCH_PATHS = (
					"$(inherited)",
					"@executable_path/Frameworks",
				);
				MARKETING_VERSION = 1.0;
				PRODUCT_BUNDLE_IDENTIFIER = "Intejer-academy.MemesApi";
				PRODUCT_NAME = "$(TARGET_NAME)";
				SWIFT_EMIT_LOC_STRINGS = YES;
				SWIFT_VERSION = 5.0;
				TARGETED_DEVICE_FAMILY = "1,2";
			};
			name = Debug;
		};
		04863A1729AFD84A006BF93B /* Release */ = {
			isa = XCBuildConfiguration;
			baseConfigurationReference = B84DEBA526C89B07DA36FD84 /* Pods-MemesApi.release.xcconfig */;
			buildSettings = {
				ASSETCATALOG_COMPILER_APPICON_NAME = AppIcon;
				ASSETCATALOG_COMPILER_GLOBAL_ACCENT_COLOR_NAME = AccentColor;
				CODE_SIGN_STYLE = Automatic;
				CURRENT_PROJECT_VERSION = 1;
				DEVELOPMENT_TEAM = V2VQ3HD8ZX;
				GENERATE_INFOPLIST_FILE = YES;
				INFOPLIST_FILE = MemesApi/Info.plist;
				INFOPLIST_KEY_UIApplicationSupportsIndirectInputEvents = YES;
				INFOPLIST_KEY_UILaunchStoryboardName = LaunchScreen;
				INFOPLIST_KEY_UIMainStoryboardFile = Main;
				INFOPLIST_KEY_UISupportedInterfaceOrientations_iPad = "UIInterfaceOrientationPortrait UIInterfaceOrientationPortraitUpsideDown UIInterfaceOrientationLandscapeLeft UIInterfaceOrientationLandscapeRight";
				INFOPLIST_KEY_UISupportedInterfaceOrientations_iPhone = "UIInterfaceOrientationPortrait UIInterfaceOrientationLandscapeLeft UIInterfaceOrientationLandscapeRight";
				LD_RUNPATH_SEARCH_PATHS = (
					"$(inherited)",
					"@executable_path/Frameworks",
				);
				MARKETING_VERSION = 1.0;
				PRODUCT_BUNDLE_IDENTIFIER = "Intejer-academy.MemesApi";
				PRODUCT_NAME = "$(TARGET_NAME)";
				SWIFT_EMIT_LOC_STRINGS = YES;
				SWIFT_VERSION = 5.0;
				TARGETED_DEVICE_FAMILY = "1,2";
			};
			name = Release;
		};
/* End XCBuildConfiguration section */

/* Begin XCConfigurationList section */
		048639F929AFD848006BF93B /* Build configuration list for PBXProject "MemesApi" */ = {
			isa = XCConfigurationList;
			buildConfigurations = (
				04863A1329AFD84A006BF93B /* Debug */,
				04863A1429AFD84A006BF93B /* Release */,
			);
			defaultConfigurationIsVisible = 0;
			defaultConfigurationName = Release;
		};
		04863A1529AFD84A006BF93B /* Build configuration list for PBXNativeTarget "MemesApi" */ = {
			isa = XCConfigurationList;
			buildConfigurations = (
				04863A1629AFD84A006BF93B /* Debug */,
				04863A1729AFD84A006BF93B /* Release */,
			);
			defaultConfigurationIsVisible = 0;
			defaultConfigurationName = Release;
		};
/* End XCConfigurationList section */

/* Begin XCVersionGroup section */
		04863A0A29AFD848006BF93B /* MemesApi.xcdatamodeld */ = {
			isa = XCVersionGroup;
			children = (
				04863A0B29AFD848006BF93B /* MemesApi.xcdatamodel */,
			);
			currentVersion = 04863A0B29AFD848006BF93B /* MemesApi.xcdatamodel */;
			path = MemesApi.xcdatamodeld;
			sourceTree = "<group>";
			versionGroupType = wrapper.xcdatamodel;
		};
/* End XCVersionGroup section */
	};
	rootObject = 048639F629AFD848006BF93B /* Project object */;
}
